{
  "originHash" : "06826fc43fdf54720e3bec7cc7aa5fe3af37e4095ec472434a61aaca470f826b",
  "pins" : [
    {
      "identity" : "combine-schedulers",
      "kind" : "remoteSourceControl",
      "location" : "https://github.com/pointfreeco/combine-schedulers",
      "state" : {
        "revision" : "9fa31f4403da54855f1e2aeaeff478f4f0e40b13",
        "version" : "1.0.2"
      }
    },
    {
      "identity" : "pointfree-html",
      "kind" : "remoteSourceControl",
      "location" : "https://github.com/coenttb/pointfree-html.git",
      "state" : {
        "branch" : "main",
        "revision" : "d8f23a5ba1e6d33285bc44612cd6aef6c7aaf196"
      }
    },
    {
      "identity" : "swift-clocks",
      "kind" : "remoteSourceControl",
      "location" : "https://github.com/pointfreeco/swift-clocks",
      "state" : {
        "revision" : "b9b24b69e2adda099a1fa381cda1eeec272d5b53",
        "version" : "1.0.5"
      }
    },
    {
      "identity" : "swift-cmark",
      "kind" : "remoteSourceControl",
      "location" : "https://github.com/apple/swift-cmark.git",
      "state" : {
        "revision" : "3ccff77b2dc5b96b77db3da0d68d28068593fa53",
        "version" : "0.5.0"
      }
    },
    {
      "identity" : "swift-collections",
      "kind" : "remoteSourceControl",
      "location" : "https://github.com/apple/swift-collections.git",
      "state" : {
        "revision" : "671108c96644956dddcd89dd59c203dcdb36cec7",
        "version" : "1.1.4"
      }
    },
    {
      "identity" : "swift-concurrency-extras",
      "kind" : "remoteSourceControl",
      "location" : "https://github.com/pointfreeco/swift-concurrency-extras",
      "state" : {
        "revision" : "82a4ae7170d98d8538ec77238b7eb8e7199ef2e8",
        "version" : "1.3.1"
      }
    },
    {
      "identity" : "swift-css",
      "kind" : "remoteSourceControl",
      "location" : "https://github.com/coenttb/swift-css.git",
      "state" : {
        "branch" : "main",
        "revision" : "d31a5665f0c3b7106b03cfae64995a720ef82596"
      }
    },
    {
      "identity" : "swift-dependencies",
      "kind" : "remoteSourceControl",
      "location" : "https://github.com/pointfreeco/swift-dependencies.git",
      "state" : {
        "revision" : "5526c8a27675dc7b18d6fa643abfb64bcb200b77",
        "version" : "1.6.2"
      }
    },
    {
      "identity" : "swift-html",
      "kind" : "remoteSourceControl",
      "location" : "https://github.com/coenttb/swift-html.git",
      "state" : {
        "branch" : "main",
        "revision" : "14892e440973780ddfe92e7a06ca63cff02f5dcb"
      }
    },
    {
      "identity" : "swift-html-to-pdf",
      "kind" : "remoteSourceControl",
      "location" : "https://github.com/coenttb/swift-html-to-pdf.git",
      "state" : {
        "branch" : "main",
        "revision" : "91331a52a63fcd472069f53866a7e9792614502e"
      }
    },
    {
      "identity" : "swift-language",
      "kind" : "remoteSourceControl",
      "location" : "https://github.com/coenttb/swift-language.git",
      "state" : {
        "branch" : "main",
        "revision" : "83ed96d0b9deece2a862b21f035fa299884fc347"
      }
    },
    {
      "identity" : "swift-markdown",
      "kind" : "remoteSourceControl",
      "location" : "https://github.com/swiftlang/swift-markdown.git",
      "state" : {
        "revision" : "8f79cb175981458a0a27e76cb42fee8e17b1a993",
        "version" : "0.5.0"
      }
    },
    {
      "identity" : "swift-syntax",
      "kind" : "remoteSourceControl",
      "location" : "https://github.com/swiftlang/swift-syntax",
      "state" : {
        "revision" : "0687f71944021d616d34d922343dcef086855920",
        "version" : "600.0.1"
      }
    },
    {
      "identity" : "xctest-dynamic-overlay",
      "kind" : "remoteSourceControl",
      "location" : "https://github.com/pointfreeco/xctest-dynamic-overlay",
      "state" : {
        "revision" : "a3f634d1a409c7979cabc0a71b3f26ffa9fc8af1",
        "version" : "1.4.3"
      }
    }
  ],
  "version" : 3
}
